
Microsoft Visual Studio Solution File, Format Version 12.00
# Visual Studio 15
VisualStudioVersion = 15.0.28010.2026
MinimumVisualStudioVersion = 10.0.40219.1
Project("{FAE04EC0-301F-11D3-BF4B-00C04F79EFBC}") = "VehiclesApp", "VehiclesApp\VehiclesApp.csproj", "{C3F31288-174B-448D-8E53-0CC9386BFCEF}"
EndProject
Global
	GlobalSection(SolutionConfigurationPlatforms) = preSolution
		Debug|Any CPU = Debug|Any CPU
		Release|Any CPU = Release|Any CPU
	EndGlobalSection
	GlobalSection(ProjectConfigurationPlatforms) = postSolution
		{C3F31288-174B-448D-8E53-0CC9386BFCEF}.Debug|Any CPU.ActiveCfg = Debug|Any CPU
		{C3F31288-174B-448D-8E53-0CC9386BFCEF}.Debug|Any CPU.Build.0 = Debug|Any CPU
		{C3F31288-174B-448D-8E53-0CC9386BFCEF}.Release|Any CPU.ActiveCfg = Release|Any CPU
		{C3F31288-174B-448D-8E53-0CC9386BFCEF}.Release|Any CPU.Build.0 = Release|Any CPU
	EndGlobalSection
	GlobalSection(SolutionProperties) = preSolution
		HideSolutionNode = FALSE
	EndGlobalSection
	GlobalSection(ExtensibilityGlobals) = postSolution
		SolutionGuid = {FEA4EA35-26DC-4120-A040-CFEB80E83CEB}
	EndGlobalSection
EndGlobal
